
Microsoft Visual Studio Solution File, Format Version 12.00
# Visual Studio Version 17
VisualStudioVersion = 17.11.35312.102
MinimumVisualStudioVersion = 10.0.40219.1
Project("{FAE04EC0-301F-11D3-BF4B-00C04F79EFBC}") = "TechOneTest", "TechOneTest\TechOneTest.csproj", "{5A39ECB9-B828-4A59-B284-6B47820A585A}"
EndProject
Global
	GlobalSection(SolutionConfigurationPlatforms) = preSolution
		Debug|Any CPU = Debug|Any CPU
		Release|Any CPU = Release|Any CPU
	EndGlobalSection
	GlobalSection(ProjectConfigurationPlatforms) = postSolution
		{5A39ECB9-B828-4A59-B284-6B47820A585A}.Debug|Any CPU.ActiveCfg = Debug|Any CPU
		{5A39ECB9-B828-4A59-B284-6B47820A585A}.Debug|Any CPU.Build.0 = Debug|Any CPU
		{5A39ECB9-B828-4A59-B284-6B47820A585A}.Release|Any CPU.ActiveCfg = Release|Any CPU
		{5A39ECB9-B828-4A59-B284-6B47820A585A}.Release|Any CPU.Build.0 = Release|Any CPU
	EndGlobalSection
	GlobalSection(SolutionProperties) = preSolution
		HideSolutionNode = FALSE
	EndGlobalSection
	GlobalSection(ExtensibilityGlobals) = postSolution
		SolutionGuid = {363AEE70-CF9E-4F4B-8E64-5E6A10303083}
	EndGlobalSection
EndGlobal
